// !$*UTF8*$!
{
	archiveVersion = 1;
	classes = {
	};
	objectVersion = 56;
	objects = {

/* Begin PBXBuildFile section */
		F7287E7829D19382008CC5D0 /* AppDelegate.swift in Sources */ = {isa = PBXBuildFile; fileRef = F7287E7729D19382008CC5D0 /* AppDelegate.swift */; };
		F7287E7A29D19382008CC5D0 /* SceneDelegate.swift in Sources */ = {isa = PBXBuildFile; fileRef = F7287E7929D19382008CC5D0 /* SceneDelegate.swift */; };
		F7287E7C29D19382008CC5D0 /* ViewController.swift in Sources */ = {isa = PBXBuildFile; fileRef = F7287E7B29D19382008CC5D0 /* ViewController.swift */; };
		F7287E7F29D19382008CC5D0 /* Main.storyboard in Resources */ = {isa = PBXBuildFile; fileRef = F7287E7D29D19382008CC5D0 /* Main.storyboard */; };
		F7287E8129D19383008CC5D0 /* Assets.xcassets in Resources */ = {isa = PBXBuildFile; fileRef = F7287E8029D19383008CC5D0 /* Assets.xcassets */; };
		F7287E8429D19383008CC5D0 /* LaunchScreen.storyboard in Resources */ = {isa = PBXBuildFile; fileRef = F7287E8229D19383008CC5D0 /* LaunchScreen.storyboard */; };
		F7287E9D29D194B2008CC5D0 /* UnityHelper.swift in Sources */ = {isa = PBXBuildFile; fileRef = F7287E9B29D19462008CC5D0 /* UnityHelper.swift */; };
		F73A0E0A2A02A6A8005E217A /* UnityFramework.framework in Frameworks */ = {isa = PBXBuildFile; fileRef = F73A0E092A02A694005E217A /* UnityFramework.framework */; };
		F73A0E0B2A02A6A8005E217A /* UnityFramework.framework in Embed Frameworks */ = {isa = PBXBuildFile; fileRef = F73A0E092A02A694005E217A /* UnityFramework.framework */; settings = {ATTRIBUTES = (CodeSignOnCopy, RemoveHeadersOnCopy, ); }; };
/* End PBXBuildFile section */

/* Begin PBXContainerItemProxy section */
		F73A0E042A02A694005E217A /* PBXContainerItemProxy */ = {
			isa = PBXContainerItemProxy;
			containerPortal = F73A0DFE2A02A694005E217A /* Unity-iPhone.xcodeproj */;
			proxyType = 2;
			remoteGlobalIDString = 1D6058910D05DD3D006BFB54;
			remoteInfo = "Unity-iPhone";
		};
		F73A0E062A02A694005E217A /* PBXContainerItemProxy */ = {
			isa = PBXContainerItemProxy;
			containerPortal = F73A0DFE2A02A694005E217A /* Unity-iPhone.xcodeproj */;
			proxyType = 2;
			remoteGlobalIDString = 5623C57317FDCB0800090B9E;
			remoteInfo = "Unity-iPhone Tests";
		};
		F73A0E082A02A694005E217A /* PBXContainerItemProxy */ = {
			isa = PBXContainerItemProxy;
			containerPortal = F73A0DFE2A02A694005E217A /* Unity-iPhone.xcodeproj */;
			proxyType = 2;
			remoteGlobalIDString = 9D25AB9D213FB47800354C27;
			remoteInfo = UnityFramework;
		};
/* End PBXContainerItemProxy section */

/* Begin PBXCopyFilesBuildPhase section */
		F7287E9A29D1941B008CC5D0 /* Embed Frameworks */ = {
			isa = PBXCopyFilesBuildPhase;
			buildActionMask = 2147483647;
			dstPath = "";
			dstSubfolderSpec = 10;
			files = (
				F73A0E0B2A02A6A8005E217A /* UnityFramework.framework in Embed Frameworks */,
			);
			name = "Embed Frameworks";
			runOnlyForDeploymentPostprocessing = 0;
		};
/* End PBXCopyFilesBuildPhase section */

/* Begin PBXFileReference section */
		F7287E7429D19382008CC5D0 /* IQUIIARDemo.app */ = {isa = PBXFileReference; explicitFileType = wrapper.application; includeInIndex = 0; path = IQUIIARDemo.app; sourceTree = BUILT_PRODUCTS_DIR; };
		F7287E7729D19382008CC5D0 /* AppDelegate.swift */ = {isa = PBXFileReference; lastKnownFileType = sourcecode.swift; path = AppDelegate.swift; sourceTree = "<group>"; };
		F7287E7929D19382008CC5D0 /* SceneDelegate.swift */ = {isa = PBXFileReference; lastKnownFileType = sourcecode.swift; path = SceneDelegate.swift; sourceTree = "<group>"; };
		F7287E7B29D19382008CC5D0 /* ViewController.swift */ = {isa = PBXFileReference; lastKnownFileType = sourcecode.swift; path = ViewController.swift; sourceTree = "<group>"; };
		F7287E7E29D19382008CC5D0 /* Base */ = {isa = PBXFileReference; lastKnownFileType = file.storyboard; name = Base; path = Base.lproj/Main.storyboard; sourceTree = "<group>"; };
		F7287E8029D19383008CC5D0 /* Assets.xcassets */ = {isa = PBXFileReference; lastKnownFileType = folder.assetcatalog; path = Assets.xcassets; sourceTree = "<group>"; };
		F7287E8329D19383008CC5D0 /* Base */ = {isa = PBXFileReference; lastKnownFileType = file.storyboard; name = Base; path = Base.lproj/LaunchScreen.storyboard; sourceTree = "<group>"; };
		F7287E8529D19383008CC5D0 /* Info.plist */ = {isa = PBXFileReference; lastKnownFileType = text.plist.xml; path = Info.plist; sourceTree = "<group>"; };
		F7287E9B29D19462008CC5D0 /* UnityHelper.swift */ = {isa = PBXFileReference; lastKnownFileType = sourcecode.swift; path = UnityHelper.swift; sourceTree = "<group>"; };
		F73A0DFE2A02A694005E217A /* Unity-iPhone.xcodeproj */ = {isa = PBXFileReference; lastKnownFileType = "wrapper.pb-project"; name = "Unity-iPhone.xcodeproj"; path = "Unity/Unity-iPhone.xcodeproj"; sourceTree = SOURCE_ROOT; };
/* End PBXFileReference section */

/* Begin PBXFrameworksBuildPhase section */
		F7287E7129D19382008CC5D0 /* Frameworks */ = {
			isa = PBXFrameworksBuildPhase;
			buildActionMask = 2147483647;
			files = (
				F73A0E0A2A02A6A8005E217A /* UnityFramework.framework in Frameworks */,
			);
			runOnlyForDeploymentPostprocessing = 0;
		};
/* End PBXFrameworksBuildPhase section */

/* Begin PBXGroup section */
		F7287E6B29D19382008CC5D0 = {
			isa = PBXGroup;
			children = (
				F7287E9B29D19462008CC5D0 /* UnityHelper.swift */,
				F7287E7629D19382008CC5D0 /* IQUIIARDemo */,
				F7287E7529D19382008CC5D0 /* Products */,
				F7287E9729D1941B008CC5D0 /* Frameworks */,
			);
			sourceTree = "<group>";
		};
		F7287E7529D19382008CC5D0 /* Products */ = {
			isa = PBXGroup;
			children = (
				F7287E7429D19382008CC5D0 /* IQUIIARDemo.app */,
			);
			name = Products;
			sourceTree = "<group>";
		};
		F7287E7629D19382008CC5D0 /* IQUIIARDemo */ = {
			isa = PBXGroup;
			children = (
				F73A0DFE2A02A694005E217A /* Unity-iPhone.xcodeproj */,
				F7287E7729D19382008CC5D0 /* AppDelegate.swift */,
				F7287E7929D19382008CC5D0 /* SceneDelegate.swift */,
				F7287E7B29D19382008CC5D0 /* ViewController.swift */,
				F7287E7D29D19382008CC5D0 /* Main.storyboard */,
				F7287E8029D19383008CC5D0 /* Assets.xcassets */,
				F7287E8229D19383008CC5D0 /* LaunchScreen.storyboard */,
				F7287E8529D19383008CC5D0 /* Info.plist */,
			);
			path = IQUIIARDemo;
			sourceTree = "<group>";
		};
		F7287E9729D1941B008CC5D0 /* Frameworks */ = {
			isa = PBXGroup;
			children = (
			);
			name = Frameworks;
			sourceTree = "<group>";
		};
		F73A0DFF2A02A694005E217A /* Products */ = {
			isa = PBXGroup;
			children = (
				F73A0E052A02A694005E217A /* ARDesignDemos.app */,
				F73A0E072A02A694005E217A /* Unity-iPhone Tests.xctest */,
				F73A0E092A02A694005E217A /* UnityFramework.framework */,
			);
			name = Products;
			sourceTree = "<group>";
		};
/* End PBXGroup section */

/* Begin PBXNativeTarget section */
		F7287E7329D19382008CC5D0 /* IQUIIARDemo */ = {
			isa = PBXNativeTarget;
			buildConfigurationList = F7287E8829D19383008CC5D0 /* Build configuration list for PBXNativeTarget "IQUIIARDemo" */;
			buildPhases = (
				F7287E7029D19382008CC5D0 /* Sources */,
				F7287E7129D19382008CC5D0 /* Frameworks */,
				F7287E7229D19382008CC5D0 /* Resources */,
				F7287E9A29D1941B008CC5D0 /* Embed Frameworks */,
			);
			buildRules = (
			);
			dependencies = (
			);
			name = IQUIIARDemo;
			productName = IQUIIARDemo;
			productReference = F7287E7429D19382008CC5D0 /* IQUIIARDemo.app */;
			productType = "com.apple.product-type.application";
		};
/* End PBXNativeTarget section */

/* Begin PBXProject section */
		F7287E6C29D19382008CC5D0 /* Project object */ = {
			isa = PBXProject;
			attributes = {
				BuildIndependentTargetsInParallel = 1;
				LastSwiftUpdateCheck = 1420;
				LastUpgradeCheck = 1420;
				TargetAttributes = {
					F7287E7329D19382008CC5D0 = {
						CreatedOnToolsVersion = 14.2;
					};
				};
			};
			buildConfigurationList = F7287E6F29D19382008CC5D0 /* Build configuration list for PBXProject "IQUIIARDemo" */;
			compatibilityVersion = "Xcode 14.0";
			developmentRegion = en;
			hasScannedForEncodings = 0;
			knownRegions = (
				en,
				Base,
			);
			mainGroup = F7287E6B29D19382008CC5D0;
			productRefGroup = F7287E7529D19382008CC5D0 /* Products */;
			projectDirPath = "";
			projectReferences = (
				{
					ProductGroup = F73A0DFF2A02A694005E217A /* Products */;
					ProjectRef = F73A0DFE2A02A694005E217A /* Unity-iPhone.xcodeproj */;
				},
			);
			projectRoot = "";
			targets = (
				F7287E7329D19382008CC5D0 /* IQUIIARDemo */,
			);
		};
/* End PBXProject section */

/* Begin PBXReferenceProxy section */
		F73A0E052A02A694005E217A /* ARDesignDemos.app */ = {
			isa = PBXReferenceProxy;
			fileType = wrapper.application;
			path = ARDesignDemos.app;
			remoteRef = F73A0E042A02A694005E217A /* PBXContainerItemProxy */;
			sourceTree = BUILT_PRODUCTS_DIR;
		};
		F73A0E072A02A694005E217A /* Unity-iPhone Tests.xctest */ = {
			isa = PBXReferenceProxy;
			fileType = wrapper.cfbundle;
			path = "Unity-iPhone Tests.xctest";
			remoteRef = F73A0E062A02A694005E217A /* PBXContainerItemProxy */;
			sourceTree = BUILT_PRODUCTS_DIR;
		};
		F73A0E092A02A694005E217A /* UnityFramework.framework */ = {
			isa = PBXReferenceProxy;
			fileType = wrapper.framework;
			path = UnityFramework.framework;
			remoteRef = F73A0E082A02A694005E217A /* PBXContainerItemProxy */;
			sourceTree = BUILT_PRODUCTS_DIR;
		};
/* End PBXReferenceProxy section */

/* Begin PBXResourcesBuildPhase section */
		F7287E7229D19382008CC5D0 /* Resources */ = {
			isa = PBXResourcesBuildPhase;
			buildActionMask = 2147483647;
			files = (
				F7287E8429D19383008CC5D0 /* LaunchScreen.storyboard in Resources */,
				F7287E8129D19383008CC5D0 /* Assets.xcassets in Resources */,
				F7287E7F29D19382008CC5D0 /* Main.storyboard in Resources */,
			);
			runOnlyForDeploymentPostprocessing = 0;
		};
/* End PBXResourcesBuildPhase section */

/* Begin PBXSourcesBuildPhase section */
		F7287E7029D19382008CC5D0 /* Sources */ = {
			isa = PBXSourcesBuildPhase;
			buildActionMask = 2147483647;
			files = (
				F7287E7C29D19382008CC5D0 /* ViewController.swift in Sources */,
				F7287E9D29D194B2008CC5D0 /* UnityHelper.swift in Sources */,
				F7287E7829D19382008CC5D0 /* AppDelegate.swift in Sources */,
				F7287E7A29D19382008CC5D0 /* SceneDelegate.swift in Sources */,
			);
			runOnlyForDeploymentPostprocessing = 0;
		};
/* End PBXSourcesBuildPhase section */

/* Begin PBXVariantGroup section */
		F7287E7D29D19382008CC5D0 /* Main.storyboard */ = {
			isa = PBXVariantGroup;
			children = (
				F7287E7E29D19382008CC5D0 /* Base */,
			);
			name = Main.storyboard;
			sourceTree = "<group>";
		};
		F7287E8229D19383008CC5D0 /* LaunchScreen.storyboard */ = {
			isa = PBXVariantGroup;
			children = (
				F7287E8329D19383008CC5D0 /* Base */,
			);
			name = LaunchScreen.storyboard;
			sourceTree = "<group>";
		};
/* End PBXVariantGroup section */

/* Begin XCBuildConfiguration section */
		F7287E8629D19383008CC5D0 /* Debug */ = {
			isa = XCBuildConfiguration;
			buildSettings = {
				ALWAYS_SEARCH_USER_PATHS = NO;
				CLANG_ANALYZER_NONNULL = YES;
				CLANG_ANALYZER_NUMBER_OBJECT_CONVERSION = YES_AGGRESSIVE;
				CLANG_CXX_LANGUAGE_STANDARD = "gnu++20";
				CLANG_ENABLE_MODULES = YES;
				CLANG_ENABLE_OBJC_ARC = YES;
				CLANG_ENABLE_OBJC_WEAK = YES;
				CLANG_WARN_BLOCK_CAPTURE_AUTORELEASING = YES;
				CLANG_WARN_BOOL_CONVERSION = YES;
				CLANG_WARN_COMMA = YES;
				CLANG_WARN_CONSTANT_CONVERSION = YES;
				CLANG_WARN_DEPRECATED_OBJC_IMPLEMENTATIONS = YES;
				CLANG_WARN_DIRECT_OBJC_ISA_USAGE = YES_ERROR;
				CLANG_WARN_DOCUMENTATION_COMMENTS = YES;
				CLANG_WARN_EMPTY_BODY = YES;
				CLANG_WARN_ENUM_CONVERSION = YES;
				CLANG_WARN_INFINITE_RECURSION = YES;
				CLANG_WARN_INT_CONVERSION = YES;
				CLANG_WARN_NON_LITERAL_NULL_CONVERSION = YES;
				CLANG_WARN_OBJC_IMPLICIT_RETAIN_SELF = YES;
				CLANG_WARN_OBJC_LITERAL_CONVERSION = YES;
				CLANG_WARN_OBJC_ROOT_CLASS = YES_ERROR;
				CLANG_WARN_QUOTED_INCLUDE_IN_FRAMEWORK_HEADER = YES;
				CLANG_WARN_RANGE_LOOP_ANALYSIS = YES;
				CLANG_WARN_STRICT_PROTOTYPES = YES;
				CLANG_WARN_SUSPICIOUS_MOVE = YES;
				CLANG_WARN_UNGUARDED_AVAILABILITY = YES_AGGRESSIVE;
				CLANG_WARN_UNREACHABLE_CODE = YES;
				CLANG_WARN__DUPLICATE_METHOD_MATCH = YES;
				COPY_PHASE_STRIP = NO;
				DEBUG_INFORMATION_FORMAT = dwarf;
				ENABLE_STRICT_OBJC_MSGSEND = YES;
				ENABLE_TESTABILITY = YES;
				GCC_C_LANGUAGE_STANDARD = gnu11;
				GCC_DYNAMIC_NO_PIC = NO;
				GCC_NO_COMMON_BLOCKS = YES;
				GCC_OPTIMIZATION_LEVEL = 0;
				GCC_PREPROCESSOR_DEFINITIONS = (
					"DEBUG=1",
					"$(inherited)",
				);
				GCC_WARN_64_TO_32_BIT_CONVERSION = YES;
				GCC_WARN_ABOUT_RETURN_TYPE = YES_ERROR;
				GCC_WARN_UNDECLARED_SELECTOR = YES;
				GCC_WARN_UNINITIALIZED_AUTOS = YES_AGGRESSIVE;
				GCC_WARN_UNUSED_FUNCTION = YES;
				GCC_WARN_UNUSED_VARIABLE = YES;
				IPHONEOS_DEPLOYMENT_TARGET = 16.2;
				MTL_ENABLE_DEBUG_INFO = INCLUDE_SOURCE;
				MTL_FAST_MATH = YES;
				ONLY_ACTIVE_ARCH = YES;
				SDKROOT = iphoneos;
				SWIFT_ACTIVE_COMPILATION_CONDITIONS = DEBUG;
				SWIFT_OPTIMIZATION_LEVEL = "-Onone";
			};
			name = Debug;
		};
		F7287E8729D19383008CC5D0 /* Release */ = {
			isa = XCBuildConfiguration;
			buildSettings = {
				ALWAYS_SEARCH_USER_PATHS = NO;
				CLANG_ANALYZER_NONNULL = YES;
				CLANG_ANALYZER_NUMBER_OBJECT_CONVERSION = YES_AGGRESSIVE;
				CLANG_CXX_LANGUAGE_STANDARD = "gnu++20";
				CLANG_ENABLE_MODULES = YES;
				CLANG_ENABLE_OBJC_ARC = YES;
				CLANG_ENABLE_OBJC_WEAK = YES;
				CLANG_WARN_BLOCK_CAPTURE_AUTORELEASING = YES;
				CLANG_WARN_BOOL_CONVERSION = YES;
				CLANG_WARN_COMMA = YES;
				CLANG_WARN_CONSTANT_CONVERSION = YES;
				CLANG_WARN_DEPRECATED_OBJC_IMPLEMENTATIONS = YES;
				CLANG_WARN_DIRECT_OBJC_ISA_USAGE = YES_ERROR;
				CLANG_WARN_DOCUMENTATION_COMMENTS = YES;
				CLANG_WARN_EMPTY_BODY = YES;
				CLANG_WARN_ENUM_CONVERSION = YES;
				CLANG_WARN_INFINITE_RECURSION = YES;
				CLANG_WARN_INT_CONVERSION = YES;
				CLANG_WARN_NON_LITERAL_NULL_CONVERSION = YES;
				CLANG_WARN_OBJC_IMPLICIT_RETAIN_SELF = YES;
				CLANG_WARN_OBJC_LITERAL_CONVERSION = YES;
				CLANG_WARN_OBJC_ROOT_CLASS = YES_ERROR;
				CLANG_WARN_QUOTED_INCLUDE_IN_FRAMEWORK_HEADER = YES;
				CLANG_WARN_RANGE_LOOP_ANALYSIS = YES;
				CLANG_WARN_STRICT_PROTOTYPES = YES;
				CLANG_WARN_SUSPICIOUS_MOVE = YES;
				CLANG_WARN_UNGUARDED_AVAILABILITY = YES_AGGRESSIVE;
				CLANG_WARN_UNREACHABLE_CODE = YES;
				CLANG_WARN__DUPLICATE_METHOD_MATCH = YES;
				COPY_PHASE_STRIP = NO;
				DEBUG_INFORMATION_FORMAT = "dwarf-with-dsym";
				ENABLE_NS_ASSERTIONS = NO;
				ENABLE_STRICT_OBJC_MSGSEND = YES;
				GCC_C_LANGUAGE_STANDARD = gnu11;
				GCC_NO_COMMON_BLOCKS = YES;
				GCC_WARN_64_TO_32_BIT_CONVERSION = YES;
				GCC_WARN_ABOUT_RETURN_TYPE = YES_ERROR;
				GCC_WARN_UNDECLARED_SELECTOR = YES;
				GCC_WARN_UNINITIALIZED_AUTOS = YES_AGGRESSIVE;
				GCC_WARN_UNUSED_FUNCTION = YES;
				GCC_WARN_UNUSED_VARIABLE = YES;
				IPHONEOS_DEPLOYMENT_TARGET = 16.2;
				MTL_ENABLE_DEBUG_INFO = NO;
				MTL_FAST_MATH = YES;
				SDKROOT = iphoneos;
				SWIFT_COMPILATION_MODE = wholemodule;
				SWIFT_OPTIMIZATION_LEVEL = "-O";
				VALIDATE_PRODUCT = YES;
			};
			name = Release;
		};
		F7287E8929D19383008CC5D0 /* Debug */ = {
			isa = XCBuildConfiguration;
			buildSettings = {
				ASSETCATALOG_COMPILER_APPICON_NAME = AppIcon;
				ASSETCATALOG_COMPILER_GLOBAL_ACCENT_COLOR_NAME = AccentColor;
				CODE_SIGN_STYLE = Automatic;
				CURRENT_PROJECT_VERSION = 3;
				DEVELOPMENT_TEAM = HM3F645KVK;
				GENERATE_INFOPLIST_FILE = YES;
				INFOPLIST_FILE = IQUIIARDemo/Info.plist;
				INFOPLIST_KEY_NSCameraUsageDescription = "Cam is required";
				INFOPLIST_KEY_UIApplicationSupportsIndirectInputEvents = YES;
				INFOPLIST_KEY_UILaunchStoryboardName = LaunchScreen;
				INFOPLIST_KEY_UIMainStoryboardFile = Main;
				INFOPLIST_KEY_UISupportedInterfaceOrientations_iPad = "UIInterfaceOrientationPortrait UIInterfaceOrientationPortraitUpsideDown UIInterfaceOrientationLandscapeLeft UIInterfaceOrientationLandscapeRight";
				INFOPLIST_KEY_UISupportedInterfaceOrientations_iPhone = "UIInterfaceOrientationPortrait UIInterfaceOrientationLandscapeLeft UIInterfaceOrientationLandscapeRight";
				IPHONEOS_DEPLOYMENT_TARGET = 15.0;
				LD_RUNPATH_SEARCH_PATHS = (
					"$(inherited)",
					"@executable_path/Frameworks",
				);
				LIBRARY_SEARCH_PATHS = (
					"$(inherited)",
					"$(PROJECT_DIR)/Unity/Libraries/com.unity.xr.arkit-face-tracking/Runtime/iOS/Xcode1400",
					"$(PROJECT_DIR)/Unity/Libraries",
					"$(PROJECT_DIR)/Unity/Libraries/com.unity.xr.arkit/Runtime/iOS/Xcode1400",
				);
				MARKETING_VERSION = 1.0.0;
				PRODUCT_BUNDLE_IDENTIFIER = com.iquii.ardemo;
				PRODUCT_NAME = "$(TARGET_NAME)";
				SUPPORTED_PLATFORMS = "iphoneos iphonesimulator";
				SUPPORTS_MACCATALYST = NO;
				SUPPORTS_MAC_DESIGNED_FOR_IPHONE_IPAD = NO;
				SWIFT_EMIT_LOC_STRINGS = YES;
				SWIFT_VERSION = 5.0;
				TARGETED_DEVICE_FAMILY = "1,2";
			};
			name = Debug;
		};
		F7287E8A29D19383008CC5D0 /* Release */ = {
			isa = XCBuildConfiguration;
			buildSettings = {
				ASSETCATALOG_COMPILER_APPICON_NAME = AppIcon;
				ASSETCATALOG_COMPILER_GLOBAL_ACCENT_COLOR_NAME = AccentColor;
				CODE_SIGN_STYLE = Automatic;
				CURRENT_PROJECT_VERSION = 3;
				DEVELOPMENT_TEAM = HM3F645KVK;
				GENERATE_INFOPLIST_FILE = YES;
				INFOPLIST_FILE = IQUIIARDemo/Info.plist;
				INFOPLIST_KEY_NSCameraUsageDescription = "Cam is required";
				INFOPLIST_KEY_UIApplicationSupportsIndirectInputEvents = YES;
				INFOPLIST_KEY_UILaunchStoryboardName = LaunchScreen;
				INFOPLIST_KEY_UIMainStoryboardFile = Main;
				INFOPLIST_KEY_UISupportedInterfaceOrientations_iPad = "UIInterfaceOrientationPortrait UIInterfaceOrientationPortraitUpsideDown UIInterfaceOrientationLandscapeLeft UIInterfaceOrientationLandscapeRight";
				INFOPLIST_KEY_UISupportedInterfaceOrientations_iPhone = "UIInterfaceOrientationPortrait UIInterfaceOrientationLandscapeLeft UIInterfaceOrientationLandscapeRight";
				IPHONEOS_DEPLOYMENT_TARGET = 15.0;
				LD_RUNPATH_SEARCH_PATHS = (
					"$(inherited)",
					"@executable_path/Frameworks",
				);
				LIBRARY_SEARCH_PATHS = (
					"$(inherited)",
					"$(PROJECT_DIR)/Unity/Libraries/com.unity.xr.arkit-face-tracking/Runtime/iOS/Xcode1400",
					"$(PROJECT_DIR)/Unity/Libraries",
					"$(PROJECT_DIR)/Unity/Libraries/com.unity.xr.arkit/Runtime/iOS/Xcode1400",
				);
				MARKETING_VERSION = 1.0.0;
				PRODUCT_BUNDLE_IDENTIFIER = com.iquii.ardemo;
				PRODUCT_NAME = "$(TARGET_NAME)";
				SUPPORTED_PLATFORMS = "iphoneos iphonesimulator";
				SUPPORTS_MACCATALYST = NO;
				SUPPORTS_MAC_DESIGNED_FOR_IPHONE_IPAD = NO;
				SWIFT_EMIT_LOC_STRINGS = YES;
				SWIFT_VERSION = 5.0;
				TARGETED_DEVICE_FAMILY = "1,2";
			};
			name = Release;
		};
/* End XCBuildConfiguration section */

/* Begin XCConfigurationList section */
		F7287E6F29D19382008CC5D0 /* Build configuration list for PBXProject "IQUIIARDemo" */ = {
			isa = XCConfigurationList;
			buildConfigurations = (
				F7287E8629D19383008CC5D0 /* Debug */,
				F7287E8729D19383008CC5D0 /* Release */,
			);
			defaultConfigurationIsVisible = 0;
			defaultConfigurationName = Release;
		};
		F7287E8829D19383008CC5D0 /* Build configuration list for PBXNativeTarget "IQUIIARDemo" */ = {
			isa = XCConfigurationList;
			buildConfigurations = (
				F7287E8929D19383008CC5D0 /* Debug */,
				F7287E8A29D19383008CC5D0 /* Release */,
			);
			defaultConfigurationIsVisible = 0;
			defaultConfigurationName = Release;
		};
/* End XCConfigurationList section */
	};
	rootObject = F7287E6C29D19382008CC5D0 /* Project object */;
}
